<?xml version="1.0" encoding="utf-8"?>
<Project ToolsVersion="4.0" xmlns="http://schemas.microsoft.com/developer/msbuild/2003">
  <ItemGroup>
    <Filter Include="ErrorHandling">
      <UniqueIdentifier>{F4627B46-6023-F77C-295E-40FA95DD3B59}</UniqueIdentifier>
    </Filter>
    <Filter Include="GEngine">
      <UniqueIdentifier>{023A1B06-6E19-9AA1-7731-2578E38F0003}</UniqueIdentifier>
    </Filter>
    <Filter Include="ResourceHandling">
      <UniqueIdentifier>{12FCFA06-FEF4-1959-2727-FFDD137FF964}</UniqueIdentifier>
    </Filter>
    <Filter Include="Shaders">
      <UniqueIdentifier>{EFAC8DF2-5B8C-0C8E-64A4-9764D00273EF}</UniqueIdentifier>
    </Filter>
    <Filter Include="vendor">
      <UniqueIdentifier>{B3738122-9F15-ACF8-88D0-BF4C74113349}</UniqueIdentifier>
    </Filter>
    <Filter Include="vendor\glm">
      <UniqueIdentifier>{829FC5A8-6E57-07F6-D75E-E051C335A2E6}</UniqueIdentifier>
    </Filter>
    <Filter Include="vendor\glm\detail">
      <UniqueIdentifier>{04D16468-70E7-62FE-B95E-EE1F25B43386}</UniqueIdentifier>
    </Filter>
    <Filter Include="vendor\glm\simd">
      <UniqueIdentifier>{1EFDF202-8A88-60C7-9399-E3BBFFA3BCC7}</UniqueIdentifier>
    </Filter>
    <Filter Include="vendor\imgui">
      <UniqueIdentifier>{5D3BD0F0-499E-5F95-F223-984BDE652B18}</UniqueIdentifier>
    </Filter>
    <Filter Include="vendor\stb_image">
      <UniqueIdentifier>{0DA0BA59-F998-D9AB-22CB-BE300E23B9B7}</UniqueIdentifier>
    </Filter>
  </ItemGroup>
  <ItemGroup>
    <ClInclude Include="src\BufferLayout.h" />
    <ClInclude Include="src\GEngine\ErrorHandling\ErrorHandler.h">
      <Filter>ErrorHandling</Filter>
    </ClInclude>
    <ClInclude Include="src\GEngine.h" />
    <ClInclude Include="src\GEngine\Application.h">
      <Filter>GEngine</Filter>
    </ClInclude>
    <ClInclude Include="src\GEngine\Core.h">
      <Filter>GEngine</Filter>
    </ClInclude>
    <ClInclude Include="src\GEngine\EntryPoint.h">
      <Filter>GEngine</Filter>
    </ClInclude>
    <ClInclude Include="src\GEngine\ResourceHandling\ModelLoader.h">
      <Filter>ResourceHandling</Filter>
    </ClInclude>
    <ClInclude Include="src\GEngine\ResourceHandling\Texture.h">
      <Filter>ResourceHandling</Filter>
    </ClInclude>
    <ClInclude Include="src\GEngine\Shaders\ShaderHandler.h">
      <Filter>Shaders</Filter>
    </ClInclude>
    <ClInclude Include="src\Translation.h" />
    <ClInclude Include="src\VertexBuffer.h" />
    <ClInclude Include="src\vendor\glm\simd\common.h">
      <Filter>vendor\glm\simd</Filter>
    </ClInclude>
    <ClInclude Include="src\vendor\glm\simd\exponential.h">
      <Filter>vendor\glm\simd</Filter>
    </ClInclude>
    <ClInclude Include="src\vendor\glm\simd\geometric.h">
      <Filter>vendor\glm\simd</Filter>
    </ClInclude>
    <ClInclude Include="src\vendor\glm\simd\integer.h">
      <Filter>vendor\glm\simd</Filter>
    </ClInclude>
    <ClInclude Include="src\vendor\glm\simd\matrix.h">
      <Filter>vendor\glm\simd</Filter>
    </ClInclude>
    <ClInclude Include="src\vendor\glm\simd\neon.h">
      <Filter>vendor\glm\simd</Filter>
    </ClInclude>
    <ClInclude Include="src\vendor\glm\simd\packing.h">
      <Filter>vendor\glm\simd</Filter>
    </ClInclude>
    <ClInclude Include="src\vendor\glm\simd\platform.h">
      <Filter>vendor\glm\simd</Filter>
    </ClInclude>
    <ClInclude Include="src\vendor\glm\simd\trigonometric.h">
      <Filter>vendor\glm\simd</Filter>
    </ClInclude>
    <ClInclude Include="src\vendor\glm\simd\vector_relational.h">
      <Filter>vendor\glm\simd</Filter>
    </ClInclude>
    <ClInclude Include="src\vendor\imgui\imconfig.h">
      <Filter>vendor\imgui</Filter>
    </ClInclude>
    <ClInclude Include="src\vendor\imgui\imgui.h">
      <Filter>vendor\imgui</Filter>
    </ClInclude>
    <ClInclude Include="src\vendor\imgui\imgui_impl_glfw.h">
      <Filter>vendor\imgui</Filter>
    </ClInclude>
    <ClInclude Include="src\vendor\imgui\imgui_impl_opengl3.h">
      <Filter>vendor\imgui</Filter>
    </ClInclude>
    <ClInclude Include="src\vendor\imgui\imgui_impl_opengl3_loader.h">
      <Filter>vendor\imgui</Filter>
    </ClInclude>
    <ClInclude Include="src\vendor\imgui\imgui_internal.h">
      <Filter>vendor\imgui</Filter>
    </ClInclude>
    <ClInclude Include="src\vendor\imgui\imstb_rectpack.h">
      <Filter>vendor\imgui</Filter>
    </ClInclude>
    <ClInclude Include="src\vendor\imgui\imstb_textedit.h">
      <Filter>vendor\imgui</Filter>
    </ClInclude>
    <ClInclude Include="src\vendor\imgui\imstb_truetype.h">
      <Filter>vendor\imgui</Filter>
    </ClInclude>
    <ClInclude Include="src\vendor\stb_image\stb_image.h">
      <Filter>vendor\stb_image</Filter>
    </ClInclude>
    <ClInclude Include="src\GEngine\Renderers\Renderer.h" />
    <ClInclude Include="src\GEngine\Renderers\OpenGL.h" />
  </ItemGroup>
  <ItemGroup>
    <ClCompile Include="src\BufferLayout.cpp" />
    <ClCompile Include="src\GEngine\ErrorHandling\ErrorHandler.cpp">
      <Filter>ErrorHandling</Filter>
    </ClCompile>
    <ClCompile Include="src\GEngine\Application.cpp">
      <Filter>GEngine</Filter>
    </ClCompile>
    <ClCompile Include="src\GEngine\ResourceHandling\ModelLoader.cpp">
      <Filter>ResourceHandling</Filter>
    </ClCompile>
    <ClCompile Include="src\GEngine\ResourceHandling\Texture.cpp">
      <Filter>ResourceHandling</Filter>
    </ClCompile>
    <ClCompile Include="src\GEngine\Shaders\ShaderHandler.cpp">
      <Filter>Shaders</Filter>
    </ClCompile>
    <ClCompile Include="src\Translation.cpp" />
    <ClCompile Include="src\VertexBuffer.cpp" />
    <ClCompile Include="src\vendor\glm\detail\glm.cpp">
      <Filter>vendor\glm\detail</Filter>
    </ClCompile>
    <ClCompile Include="src\vendor\imgui\_main.cpp">
      <Filter>vendor\imgui</Filter>
    </ClCompile>
    <ClCompile Include="src\vendor\imgui\imgui.cpp">
      <Filter>vendor\imgui</Filter>
    </ClCompile>
    <ClCompile Include="src\vendor\imgui\imgui_demo.cpp">
      <Filter>vendor\imgui</Filter>
    </ClCompile>
    <ClCompile Include="src\vendor\imgui\imgui_draw.cpp">
      <Filter>vendor\imgui</Filter>
    </ClCompile>
    <ClCompile Include="src\vendor\imgui\imgui_impl_glfw.cpp">
      <Filter>vendor\imgui</Filter>
    </ClCompile>
    <ClCompile Include="src\vendor\imgui\imgui_impl_opengl3.cpp">
      <Filter>vendor\imgui</Filter>
    </ClCompile>
    <ClCompile Include="src\vendor\imgui\imgui_tables.cpp">
      <Filter>vendor\imgui</Filter>
    </ClCompile>
    <ClCompile Include="src\vendor\imgui\imgui_widgets.cpp">
      <Filter>vendor\imgui</Filter>
    </ClCompile>
    <ClCompile Include="src\vendor\stb_image\stb_image.cpp">
      <Filter>vendor\stb_image</Filter>
    </ClCompile>
    <ClCompile Include="src\GEngine\Renderers\Renderer.cpp" />
    <ClCompile Include="src\GEngine\Renderers\OpenGL.cpp" />
  </ItemGroup>
</Project>